
Microsoft Visual Studio Solution File, Format Version 12.00
# Visual Studio 14
VisualStudioVersion = 14.0.23107.0
MinimumVisualStudioVersion = 10.0.40219.1
Project("{FAE04EC0-301F-11D3-BF4B-00C04F79EFBC}") = "BackupFramework", "BackupFramework\BackupFramework.csproj", "{719D9200-AA17-400D-B9F1-798B606EDC98}"
EndProject
Project("{FAE04EC0-301F-11D3-BF4B-00C04F79EFBC}") = "BackupFramework.Tests", "BackupFramework.Tests\BackupFramework.Tests.csproj", "{1B758E21-8FF5-4F5F-AB6B-F8F8854FAC23}"
EndProject
Global
	GlobalSection(SolutionConfigurationPlatforms) = preSolution
		Debug|Any CPU = Debug|Any CPU
		Release|Any CPU = Release|Any CPU
	EndGlobalSection
	GlobalSection(ProjectConfigurationPlatforms) = postSolution
		{719D9200-AA17-400D-B9F1-798B606EDC98}.Debug|Any CPU.ActiveCfg = Debug|Any CPU
		{719D9200-AA17-400D-B9F1-798B606EDC98}.Debug|Any CPU.Build.0 = Debug|Any CPU
		{719D9200-AA17-400D-B9F1-798B606EDC98}.Release|Any CPU.ActiveCfg = Release|Any CPU
		{719D9200-AA17-400D-B9F1-798B606EDC98}.Release|Any CPU.Build.0 = Release|Any CPU
		{1B758E21-8FF5-4F5F-AB6B-F8F8854FAC23}.Debug|Any CPU.ActiveCfg = Debug|Any CPU
		{1B758E21-8FF5-4F5F-AB6B-F8F8854FAC23}.Debug|Any CPU.Build.0 = Debug|Any CPU
		{1B758E21-8FF5-4F5F-AB6B-F8F8854FAC23}.Release|Any CPU.ActiveCfg = Release|Any CPU
		{1B758E21-8FF5-4F5F-AB6B-F8F8854FAC23}.Release|Any CPU.Build.0 = Release|Any CPU
	EndGlobalSection
	GlobalSection(SolutionProperties) = preSolution
		HideSolutionNode = FALSE
	EndGlobalSection
	GlobalSection(ExtensibilityGlobals) = postSolution
		SolutionGuid = {D837E842-32F2-4AEF-B0EE-BB6CEB286F5C}
	EndGlobalSection
EndGlobal
